
Microsoft Visual Studio Solution File, Format Version 12.00
# Visual Studio Version 17
VisualStudioVersion = 17.8.34004.107
MinimumVisualStudioVersion = 10.0.40219.1
Project("{9A19103F-16F7-4668-BE54-9A1E7A4F7556}") = "AdifLib", "..\AdifLib\AdifLib.csproj", "{9F06D8B5-5877-4D62-8562-A87E6308EAB8}"
EndProject
Project("{9A19103F-16F7-4668-BE54-9A1E7A4F7556}") = "AdifTest", "..\AdifTest\AdifTest.csproj", "{DA0C48D7-283B-4255-B6CC-638036A8D539}"
EndProject
Project("{9A19103F-16F7-4668-BE54-9A1E7A4F7556}") = "HamUtils", "..\HamDevLib\HamUtils.csproj", "{76556634-85B6-4071-88D6-77AA99544120}"
EndProject
Project("{9A19103F-16F7-4668-BE54-9A1E7A4F7556}") = "HamUtils.Test", "..\HamDevLib.Test\HamUtils.Test.csproj", "{0ADC1D37-2ED0-43EC-BA7C-295F972777BB}"
EndProject
Global
	GlobalSection(SolutionConfigurationPlatforms) = preSolution
		Debug|Any CPU = Debug|Any CPU
		Release|Any CPU = Release|Any CPU
	EndGlobalSection
	GlobalSection(ProjectConfigurationPlatforms) = postSolution
		{9F06D8B5-5877-4D62-8562-A87E6308EAB8}.Debug|Any CPU.ActiveCfg = Debug|Any CPU
		{9F06D8B5-5877-4D62-8562-A87E6308EAB8}.Debug|Any CPU.Build.0 = Debug|Any CPU
		{9F06D8B5-5877-4D62-8562-A87E6308EAB8}.Release|Any CPU.ActiveCfg = Release|Any CPU
		{9F06D8B5-5877-4D62-8562-A87E6308EAB8}.Release|Any CPU.Build.0 = Release|Any CPU
		{DA0C48D7-283B-4255-B6CC-638036A8D539}.Debug|Any CPU.ActiveCfg = Debug|Any CPU
		{DA0C48D7-283B-4255-B6CC-638036A8D539}.Debug|Any CPU.Build.0 = Debug|Any CPU
		{DA0C48D7-283B-4255-B6CC-638036A8D539}.Release|Any CPU.ActiveCfg = Release|Any CPU
		{DA0C48D7-283B-4255-B6CC-638036A8D539}.Release|Any CPU.Build.0 = Release|Any CPU
		{76556634-85B6-4071-88D6-77AA99544120}.Debug|Any CPU.ActiveCfg = Debug|Any CPU
		{76556634-85B6-4071-88D6-77AA99544120}.Debug|Any CPU.Build.0 = Debug|Any CPU
		{76556634-85B6-4071-88D6-77AA99544120}.Release|Any CPU.ActiveCfg = Release|Any CPU
		{76556634-85B6-4071-88D6-77AA99544120}.Release|Any CPU.Build.0 = Release|Any CPU
		{0ADC1D37-2ED0-43EC-BA7C-295F972777BB}.Debug|Any CPU.ActiveCfg = Debug|Any CPU
		{0ADC1D37-2ED0-43EC-BA7C-295F972777BB}.Debug|Any CPU.Build.0 = Debug|Any CPU
		{0ADC1D37-2ED0-43EC-BA7C-295F972777BB}.Release|Any CPU.ActiveCfg = Release|Any CPU
		{0ADC1D37-2ED0-43EC-BA7C-295F972777BB}.Release|Any CPU.Build.0 = Release|Any CPU
	EndGlobalSection
	GlobalSection(SolutionProperties) = preSolution
		HideSolutionNode = FALSE
	EndGlobalSection
	GlobalSection(ExtensibilityGlobals) = postSolution
		SolutionGuid = {2378B329-23FD-478C-B25B-6401B9378404}
	EndGlobalSection
EndGlobal
