
Microsoft Visual Studio Solution File, Format Version 12.00
# Visual Studio Version 17
VisualStudioVersion = 17.9.34321.82
MinimumVisualStudioVersion = 10.0.40219.1
Project("{FAE04EC0-301F-11D3-BF4B-00C04F79EFBC}") = "HamCsharp", "HamCsharp\HamCsharp.csproj", "{B51356AF-0391-4E7D-B14E-01206710781F}"
EndProject
Global
	GlobalSection(SolutionConfigurationPlatforms) = preSolution
		Debug|Any CPU = Debug|Any CPU
		Release|Any CPU = Release|Any CPU
	EndGlobalSection
	GlobalSection(ProjectConfigurationPlatforms) = postSolution
		{B51356AF-0391-4E7D-B14E-01206710781F}.Debug|Any CPU.ActiveCfg = Debug|Any CPU
		{B51356AF-0391-4E7D-B14E-01206710781F}.Debug|Any CPU.Build.0 = Debug|Any CPU
		{B51356AF-0391-4E7D-B14E-01206710781F}.Release|Any CPU.ActiveCfg = Release|Any CPU
		{B51356AF-0391-4E7D-B14E-01206710781F}.Release|Any CPU.Build.0 = Release|Any CPU
	EndGlobalSection
	GlobalSection(SolutionProperties) = preSolution
		HideSolutionNode = FALSE
	EndGlobalSection
	GlobalSection(ExtensibilityGlobals) = postSolution
		SolutionGuid = {F3FC652A-BA13-474D-9979-FF94AE794185}
	EndGlobalSection
EndGlobal
